
Microsoft Visual Studio Solution File, Format Version 12.00
# Visual Studio Version 16
VisualStudioVersion = 16.0.31129.286
MinimumVisualStudioVersion = 10.0.40219.1
Project("{8BC9CEB8-8B4A-11D0-8D11-00A0C91BC942}") = "3.15", "3.15\3.15.vcxproj", "{9796368E-BE1F-44F2-BC24-B33AB9B4F31B}"
EndProject
Global
	GlobalSection(SolutionConfigurationPlatforms) = preSolution
		Debug|x64 = Debug|x64
		Debug|x86 = Debug|x86
		Release|x64 = Release|x64
		Release|x86 = Release|x86
	EndGlobalSection
	GlobalSection(ProjectConfigurationPlatforms) = postSolution
		{9796368E-BE1F-44F2-BC24-B33AB9B4F31B}.Debug|x64.ActiveCfg = Debug|x64
		{9796368E-BE1F-44F2-BC24-B33AB9B4F31B}.Debug|x64.Build.0 = Debug|x64
		{9796368E-BE1F-44F2-BC24-B33AB9B4F31B}.Debug|x86.ActiveCfg = Debug|Win32
		{9796368E-BE1F-44F2-BC24-B33AB9B4F31B}.Debug|x86.Build.0 = Debug|Win32
		{9796368E-BE1F-44F2-BC24-B33AB9B4F31B}.Release|x64.ActiveCfg = Release|x64
		{9796368E-BE1F-44F2-BC24-B33AB9B4F31B}.Release|x64.Build.0 = Release|x64
		{9796368E-BE1F-44F2-BC24-B33AB9B4F31B}.Release|x86.ActiveCfg = Release|Win32
		{9796368E-BE1F-44F2-BC24-B33AB9B4F31B}.Release|x86.Build.0 = Release|Win32
	EndGlobalSection
	GlobalSection(SolutionProperties) = preSolution
		HideSolutionNode = FALSE
	EndGlobalSection
	GlobalSection(ExtensibilityGlobals) = postSolution
		SolutionGuid = {0337EC68-5F7D-4173-AD5C-BB5BC707AA80}
	EndGlobalSection
EndGlobal
